
Microsoft Visual Studio Solution File, Format Version 12.00
# Visual Studio 15
VisualStudioVersion = 15.0.27428.2015
MinimumVisualStudioVersion = 10.0.40219.1
Project("{9A19103F-16F7-4668-BE54-9A1E7A4F7556}") = "Zheon.Common", "src\Zheon.Common\Zheon.Common.csproj", "{F7DDB732-C282-496E-858F-AB44A4E6BBFC}"
EndProject
Global
	GlobalSection(SolutionConfigurationPlatforms) = preSolution
		Debug|Any CPU = Debug|Any CPU
		Release|Any CPU = Release|Any CPU
	EndGlobalSection
	GlobalSection(ProjectConfigurationPlatforms) = postSolution
		{F7DDB732-C282-496E-858F-AB44A4E6BBFC}.Debug|Any CPU.ActiveCfg = Debug|Any CPU
		{F7DDB732-C282-496E-858F-AB44A4E6BBFC}.Debug|Any CPU.Build.0 = Debug|Any CPU
		{F7DDB732-C282-496E-858F-AB44A4E6BBFC}.Release|Any CPU.ActiveCfg = Release|Any CPU
		{F7DDB732-C282-496E-858F-AB44A4E6BBFC}.Release|Any CPU.Build.0 = Release|Any CPU
	EndGlobalSection
	GlobalSection(SolutionProperties) = preSolution
		HideSolutionNode = FALSE
	EndGlobalSection
	GlobalSection(ExtensibilityGlobals) = postSolution
		SolutionGuid = {D5413E49-13F0-42CF-BC24-1C8092032FE6}
	EndGlobalSection
EndGlobal
