
Microsoft Visual Studio Solution File, Format Version 12.00
# Visual Studio 15
VisualStudioVersion = 15.0.27428.2027
MinimumVisualStudioVersion = 10.0.40219.1
Project("{FAE04EC0-301F-11D3-BF4B-00C04F79EFBC}") = "Zheon.WpfCommon", "Zheon.WpfCommon\Zheon.WpfCommon.csproj", "{68A9724C-4633-4524-89E0-2F2E5362CB98}"
EndProject
Global
	GlobalSection(SolutionConfigurationPlatforms) = preSolution
		Debug|Any CPU = Debug|Any CPU
		Release|Any CPU = Release|Any CPU
		Release-NET45|Any CPU = Release-NET45|Any CPU
		Release-NET451|Any CPU = Release-NET451|Any CPU
		Release-NET452|Any CPU = Release-NET452|Any CPU
		Release-NET46|Any CPU = Release-NET46|Any CPU
		Release-NET461|Any CPU = Release-NET461|Any CPU
		Release-NET462|Any CPU = Release-NET462|Any CPU
		Release-NET47|Any CPU = Release-NET47|Any CPU
		Release-NET471|Any CPU = Release-NET471|Any CPU
	EndGlobalSection
	GlobalSection(ProjectConfigurationPlatforms) = postSolution
		{68A9724C-4633-4524-89E0-2F2E5362CB98}.Debug|Any CPU.ActiveCfg = Debug|Any CPU
		{68A9724C-4633-4524-89E0-2F2E5362CB98}.Debug|Any CPU.Build.0 = Debug|Any CPU
		{68A9724C-4633-4524-89E0-2F2E5362CB98}.Release|Any CPU.ActiveCfg = Release|Any CPU
		{68A9724C-4633-4524-89E0-2F2E5362CB98}.Release|Any CPU.Build.0 = Release|Any CPU
		{68A9724C-4633-4524-89E0-2F2E5362CB98}.Release-NET45|Any CPU.ActiveCfg = Release-NET45|Any CPU
		{68A9724C-4633-4524-89E0-2F2E5362CB98}.Release-NET45|Any CPU.Build.0 = Release-NET45|Any CPU
		{68A9724C-4633-4524-89E0-2F2E5362CB98}.Release-NET451|Any CPU.ActiveCfg = Release-NET451|Any CPU
		{68A9724C-4633-4524-89E0-2F2E5362CB98}.Release-NET451|Any CPU.Build.0 = Release-NET451|Any CPU
		{68A9724C-4633-4524-89E0-2F2E5362CB98}.Release-NET452|Any CPU.ActiveCfg = Release-NET452|Any CPU
		{68A9724C-4633-4524-89E0-2F2E5362CB98}.Release-NET452|Any CPU.Build.0 = Release-NET452|Any CPU
		{68A9724C-4633-4524-89E0-2F2E5362CB98}.Release-NET46|Any CPU.ActiveCfg = Release-NET46|Any CPU
		{68A9724C-4633-4524-89E0-2F2E5362CB98}.Release-NET46|Any CPU.Build.0 = Release-NET46|Any CPU
		{68A9724C-4633-4524-89E0-2F2E5362CB98}.Release-NET461|Any CPU.ActiveCfg = Release-NET461|Any CPU
		{68A9724C-4633-4524-89E0-2F2E5362CB98}.Release-NET461|Any CPU.Build.0 = Release-NET461|Any CPU
		{68A9724C-4633-4524-89E0-2F2E5362CB98}.Release-NET462|Any CPU.ActiveCfg = Release-NET462|Any CPU
		{68A9724C-4633-4524-89E0-2F2E5362CB98}.Release-NET462|Any CPU.Build.0 = Release-NET462|Any CPU
		{68A9724C-4633-4524-89E0-2F2E5362CB98}.Release-NET47|Any CPU.ActiveCfg = Release-NET47|Any CPU
		{68A9724C-4633-4524-89E0-2F2E5362CB98}.Release-NET47|Any CPU.Build.0 = Release-NET47|Any CPU
		{68A9724C-4633-4524-89E0-2F2E5362CB98}.Release-NET471|Any CPU.ActiveCfg = Release-NET471|Any CPU
		{68A9724C-4633-4524-89E0-2F2E5362CB98}.Release-NET471|Any CPU.Build.0 = Release-NET471|Any CPU
	EndGlobalSection
	GlobalSection(SolutionProperties) = preSolution
		HideSolutionNode = FALSE
	EndGlobalSection
	GlobalSection(ExtensibilityGlobals) = postSolution
		SolutionGuid = {A4C64E7B-6064-46E4-BFC9-4E5683411BBB}
	EndGlobalSection
EndGlobal
